
Microsoft Visual Studio Solution File, Format Version 12.00
# Visual Studio Version 16
VisualStudioVersion = 16.0.30611.23
MinimumVisualStudioVersion = 10.0.40219.1
Project("{9A19103F-16F7-4668-BE54-9A1E7A4F7556}") = "IncoMasterAPIService", "IncoMasterAPIService\IncoMasterAPIService.csproj", "{93533E16-AB40-4EE1-86A0-A5E53C950DDA}"
EndProject
Project("{2150E333-8FDC-42A3-9474-1A3956D46DE8}") = "Client", "Client", "{D8BCD706-85A1-4367-BEE8-6F59D0A02036}"
EndProject
Project("{2150E333-8FDC-42A3-9474-1A3956D46DE8}") = "Server", "Server", "{18A8B06D-76A1-427D-8347-66A84214AD33}"
EndProject
Project("{2150E333-8FDC-42A3-9474-1A3956D46DE8}") = "Shared", "Shared", "{B6928283-9D21-46B8-8055-985B21C0FB4B}"
EndProject
Project("{9A19103F-16F7-4668-BE54-9A1E7A4F7556}") = "Models", "Models\Models.csproj", "{F0C2BDFB-0E5D-4C2B-8EEB-DE33C3FF485B}"
EndProject
Project("{9A19103F-16F7-4668-BE54-9A1E7A4F7556}") = "IncoMasterApp", "IncoMasterApp\IncoMasterApp.csproj", "{FFB92513-E519-4EC5-85FD-002B65AF575D}"
EndProject
Project("{9A19103F-16F7-4668-BE54-9A1E7A4F7556}") = "GrpcService.Common", "GrpcService.Common\GrpcService.Common.csproj", "{01EC2B87-4B78-4B11-8860-F7F28359434A}"
EndProject
Project("{9A19103F-16F7-4668-BE54-9A1E7A4F7556}") = "DotNetCoreGrpcClient", "DotNetCoreGrpcClient\DotNetCoreGrpcClient.csproj", "{1344962B-1266-43EB-87EC-6FC0E336BCAF}"
EndProject
Project("{9A19103F-16F7-4668-BE54-9A1E7A4F7556}") = "HelperClasses", "HelperClasses\HelperClasses.csproj", "{A9156859-0D72-4E4B-A7A6-C33EF9DAEF46}"
EndProject
Project("{2150E333-8FDC-42A3-9474-1A3956D46DE8}") = "Solution Items", "Solution Items", "{D44EE55A-E419-480A-A8EE-6A1F8AC6575F}"
	ProjectSection(SolutionItems) = preProject
		.editorconfig = .editorconfig
	EndProjectSection
EndProject
Global
	GlobalSection(SolutionConfigurationPlatforms) = preSolution
		Debug|Any CPU = Debug|Any CPU
		Release|Any CPU = Release|Any CPU
	EndGlobalSection
	GlobalSection(ProjectConfigurationPlatforms) = postSolution
		{93533E16-AB40-4EE1-86A0-A5E53C950DDA}.Debug|Any CPU.ActiveCfg = Debug|Any CPU
		{93533E16-AB40-4EE1-86A0-A5E53C950DDA}.Debug|Any CPU.Build.0 = Debug|Any CPU
		{93533E16-AB40-4EE1-86A0-A5E53C950DDA}.Release|Any CPU.ActiveCfg = Release|Any CPU
		{93533E16-AB40-4EE1-86A0-A5E53C950DDA}.Release|Any CPU.Build.0 = Release|Any CPU
		{F0C2BDFB-0E5D-4C2B-8EEB-DE33C3FF485B}.Debug|Any CPU.ActiveCfg = Debug|Any CPU
		{F0C2BDFB-0E5D-4C2B-8EEB-DE33C3FF485B}.Debug|Any CPU.Build.0 = Debug|Any CPU
		{F0C2BDFB-0E5D-4C2B-8EEB-DE33C3FF485B}.Release|Any CPU.ActiveCfg = Release|Any CPU
		{F0C2BDFB-0E5D-4C2B-8EEB-DE33C3FF485B}.Release|Any CPU.Build.0 = Release|Any CPU
		{FFB92513-E519-4EC5-85FD-002B65AF575D}.Debug|Any CPU.ActiveCfg = Debug|Any CPU
		{FFB92513-E519-4EC5-85FD-002B65AF575D}.Debug|Any CPU.Build.0 = Debug|Any CPU
		{FFB92513-E519-4EC5-85FD-002B65AF575D}.Release|Any CPU.ActiveCfg = Release|Any CPU
		{FFB92513-E519-4EC5-85FD-002B65AF575D}.Release|Any CPU.Build.0 = Release|Any CPU
		{01EC2B87-4B78-4B11-8860-F7F28359434A}.Debug|Any CPU.ActiveCfg = Debug|Any CPU
		{01EC2B87-4B78-4B11-8860-F7F28359434A}.Debug|Any CPU.Build.0 = Debug|Any CPU
		{01EC2B87-4B78-4B11-8860-F7F28359434A}.Release|Any CPU.ActiveCfg = Release|Any CPU
		{01EC2B87-4B78-4B11-8860-F7F28359434A}.Release|Any CPU.Build.0 = Release|Any CPU
		{1344962B-1266-43EB-87EC-6FC0E336BCAF}.Debug|Any CPU.ActiveCfg = Debug|Any CPU
		{1344962B-1266-43EB-87EC-6FC0E336BCAF}.Debug|Any CPU.Build.0 = Debug|Any CPU
		{1344962B-1266-43EB-87EC-6FC0E336BCAF}.Release|Any CPU.ActiveCfg = Release|Any CPU
		{1344962B-1266-43EB-87EC-6FC0E336BCAF}.Release|Any CPU.Build.0 = Release|Any CPU
		{A9156859-0D72-4E4B-A7A6-C33EF9DAEF46}.Debug|Any CPU.ActiveCfg = Debug|Any CPU
		{A9156859-0D72-4E4B-A7A6-C33EF9DAEF46}.Debug|Any CPU.Build.0 = Debug|Any CPU
		{A9156859-0D72-4E4B-A7A6-C33EF9DAEF46}.Release|Any CPU.ActiveCfg = Release|Any CPU
		{A9156859-0D72-4E4B-A7A6-C33EF9DAEF46}.Release|Any CPU.Build.0 = Release|Any CPU
	EndGlobalSection
	GlobalSection(SolutionProperties) = preSolution
		HideSolutionNode = FALSE
	EndGlobalSection
	GlobalSection(NestedProjects) = preSolution
		{93533E16-AB40-4EE1-86A0-A5E53C950DDA} = {18A8B06D-76A1-427D-8347-66A84214AD33}
		{F0C2BDFB-0E5D-4C2B-8EEB-DE33C3FF485B} = {B6928283-9D21-46B8-8055-985B21C0FB4B}
		{FFB92513-E519-4EC5-85FD-002B65AF575D} = {D8BCD706-85A1-4367-BEE8-6F59D0A02036}
		{01EC2B87-4B78-4B11-8860-F7F28359434A} = {B6928283-9D21-46B8-8055-985B21C0FB4B}
		{1344962B-1266-43EB-87EC-6FC0E336BCAF} = {D8BCD706-85A1-4367-BEE8-6F59D0A02036}
		{A9156859-0D72-4E4B-A7A6-C33EF9DAEF46} = {B6928283-9D21-46B8-8055-985B21C0FB4B}
	EndGlobalSection
	GlobalSection(ExtensibilityGlobals) = postSolution
		SolutionGuid = {3B1D704A-EA08-4BA5-A72E-45267DE50D19}
	EndGlobalSection
EndGlobal
